
Microsoft Visual Studio Solution File, Format Version 12.00
# Visual Studio Version 17
VisualStudioVersion = 17.0.31903.59
MinimumVisualStudioVersion = 10.0.40219.1
Project("{2150E333-8FDC-42A3-9474-1A3956D46DE8}") = "src", "src", "{827E0CD3-B72D-47B6-A68D-7590B98EB39B}"
EndProject
Project("{2150E333-8FDC-42A3-9474-1A3956D46DE8}") = "Core", "Core", "{8D626EA8-CB54-BC41-363A-217881BEBA6E}"
EndProject
Project("{FAE04EC0-301F-11D3-BF4B-00C04F79EFBC}") = "AuthBroker.Core", "src\Core\AuthBroker.Core.csproj", "{F990EFA2-D841-4FBA-A195-792D44CA9C92}"
EndProject
Project("{FAE04EC0-301F-11D3-BF4B-00C04F79EFBC}") = "AuthBroker.Providers.Keycloak", "src\Providers.Keycloak\AuthBroker.Providers.Keycloak.csproj", "{EAC5D3AC-DDAC-4F9E-98C0-3ADD757E0EE7}"
EndProject
Project("{FAE04EC0-301F-11D3-BF4B-00C04F79EFBC}") = "AuthBroker.Api", "src\AuthBroker.Api\AuthBroker.Api.csproj", "{D810736C-F145-4706-BA11-1407C12221DE}"
EndProject
Project("{2150E333-8FDC-42A3-9474-1A3956D46DE8}") = "Providers.Auth0", "Providers.Auth0", "{18BC7502-3DC1-4AD3-D24F-0B8737825753}"
EndProject
Project("{FAE04EC0-301F-11D3-BF4B-00C04F79EFBC}") = "AuthBroker.Providers.Auth0", "src\Providers.Auth0\AuthBroker.Providers.Auth0.csproj", "{E5DF4004-E5E8-4264-920B-52C46944149F}"
EndProject
Global
	GlobalSection(SolutionConfigurationPlatforms) = preSolution
		Debug|Any CPU = Debug|Any CPU
		Debug|x64 = Debug|x64
		Debug|x86 = Debug|x86
		Release|Any CPU = Release|Any CPU
		Release|x64 = Release|x64
		Release|x86 = Release|x86
	EndGlobalSection
	GlobalSection(ProjectConfigurationPlatforms) = postSolution
		{F990EFA2-D841-4FBA-A195-792D44CA9C92}.Debug|Any CPU.ActiveCfg = Debug|Any CPU
		{F990EFA2-D841-4FBA-A195-792D44CA9C92}.Debug|Any CPU.Build.0 = Debug|Any CPU
		{F990EFA2-D841-4FBA-A195-792D44CA9C92}.Debug|x64.ActiveCfg = Debug|Any CPU
		{F990EFA2-D841-4FBA-A195-792D44CA9C92}.Debug|x64.Build.0 = Debug|Any CPU
		{F990EFA2-D841-4FBA-A195-792D44CA9C92}.Debug|x86.ActiveCfg = Debug|Any CPU
		{F990EFA2-D841-4FBA-A195-792D44CA9C92}.Debug|x86.Build.0 = Debug|Any CPU
		{F990EFA2-D841-4FBA-A195-792D44CA9C92}.Release|Any CPU.ActiveCfg = Release|Any CPU
		{F990EFA2-D841-4FBA-A195-792D44CA9C92}.Release|Any CPU.Build.0 = Release|Any CPU
		{F990EFA2-D841-4FBA-A195-792D44CA9C92}.Release|x64.ActiveCfg = Release|Any CPU
		{F990EFA2-D841-4FBA-A195-792D44CA9C92}.Release|x64.Build.0 = Release|Any CPU
		{F990EFA2-D841-4FBA-A195-792D44CA9C92}.Release|x86.ActiveCfg = Release|Any CPU
		{F990EFA2-D841-4FBA-A195-792D44CA9C92}.Release|x86.Build.0 = Release|Any CPU
		{EAC5D3AC-DDAC-4F9E-98C0-3ADD757E0EE7}.Debug|Any CPU.ActiveCfg = Debug|Any CPU
		{EAC5D3AC-DDAC-4F9E-98C0-3ADD757E0EE7}.Debug|Any CPU.Build.0 = Debug|Any CPU
		{EAC5D3AC-DDAC-4F9E-98C0-3ADD757E0EE7}.Debug|x64.ActiveCfg = Debug|Any CPU
		{EAC5D3AC-DDAC-4F9E-98C0-3ADD757E0EE7}.Debug|x64.Build.0 = Debug|Any CPU
		{EAC5D3AC-DDAC-4F9E-98C0-3ADD757E0EE7}.Debug|x86.ActiveCfg = Debug|Any CPU
		{EAC5D3AC-DDAC-4F9E-98C0-3ADD757E0EE7}.Debug|x86.Build.0 = Debug|Any CPU
		{EAC5D3AC-DDAC-4F9E-98C0-3ADD757E0EE7}.Release|Any CPU.ActiveCfg = Release|Any CPU
		{EAC5D3AC-DDAC-4F9E-98C0-3ADD757E0EE7}.Release|Any CPU.Build.0 = Release|Any CPU
		{EAC5D3AC-DDAC-4F9E-98C0-3ADD757E0EE7}.Release|x64.ActiveCfg = Release|Any CPU
		{EAC5D3AC-DDAC-4F9E-98C0-3ADD757E0EE7}.Release|x64.Build.0 = Release|Any CPU
		{EAC5D3AC-DDAC-4F9E-98C0-3ADD757E0EE7}.Release|x86.ActiveCfg = Release|Any CPU
		{EAC5D3AC-DDAC-4F9E-98C0-3ADD757E0EE7}.Release|x86.Build.0 = Release|Any CPU
		{D810736C-F145-4706-BA11-1407C12221DE}.Debug|Any CPU.ActiveCfg = Debug|Any CPU
		{D810736C-F145-4706-BA11-1407C12221DE}.Debug|Any CPU.Build.0 = Debug|Any CPU
		{D810736C-F145-4706-BA11-1407C12221DE}.Debug|x64.ActiveCfg = Debug|Any CPU
		{D810736C-F145-4706-BA11-1407C12221DE}.Debug|x64.Build.0 = Debug|Any CPU
		{D810736C-F145-4706-BA11-1407C12221DE}.Debug|x86.ActiveCfg = Debug|Any CPU
		{D810736C-F145-4706-BA11-1407C12221DE}.Debug|x86.Build.0 = Debug|Any CPU
		{D810736C-F145-4706-BA11-1407C12221DE}.Release|Any CPU.ActiveCfg = Release|Any CPU
		{D810736C-F145-4706-BA11-1407C12221DE}.Release|Any CPU.Build.0 = Release|Any CPU
		{D810736C-F145-4706-BA11-1407C12221DE}.Release|x64.ActiveCfg = Release|Any CPU
		{D810736C-F145-4706-BA11-1407C12221DE}.Release|x64.Build.0 = Release|Any CPU
		{D810736C-F145-4706-BA11-1407C12221DE}.Release|x86.ActiveCfg = Release|Any CPU
		{D810736C-F145-4706-BA11-1407C12221DE}.Release|x86.Build.0 = Release|Any CPU
		{E5DF4004-E5E8-4264-920B-52C46944149F}.Debug|Any CPU.ActiveCfg = Debug|Any CPU
		{E5DF4004-E5E8-4264-920B-52C46944149F}.Debug|Any CPU.Build.0 = Debug|Any CPU
		{E5DF4004-E5E8-4264-920B-52C46944149F}.Debug|x64.ActiveCfg = Debug|Any CPU
		{E5DF4004-E5E8-4264-920B-52C46944149F}.Debug|x64.Build.0 = Debug|Any CPU
		{E5DF4004-E5E8-4264-920B-52C46944149F}.Debug|x86.ActiveCfg = Debug|Any CPU
		{E5DF4004-E5E8-4264-920B-52C46944149F}.Debug|x86.Build.0 = Debug|Any CPU
		{E5DF4004-E5E8-4264-920B-52C46944149F}.Release|Any CPU.ActiveCfg = Release|Any CPU
		{E5DF4004-E5E8-4264-920B-52C46944149F}.Release|Any CPU.Build.0 = Release|Any CPU
		{E5DF4004-E5E8-4264-920B-52C46944149F}.Release|x64.ActiveCfg = Release|Any CPU
		{E5DF4004-E5E8-4264-920B-52C46944149F}.Release|x64.Build.0 = Release|Any CPU
		{E5DF4004-E5E8-4264-920B-52C46944149F}.Release|x86.ActiveCfg = Release|Any CPU
		{E5DF4004-E5E8-4264-920B-52C46944149F}.Release|x86.Build.0 = Release|Any CPU
	EndGlobalSection
	GlobalSection(SolutionProperties) = preSolution
		HideSolutionNode = FALSE
	EndGlobalSection
	GlobalSection(NestedProjects) = preSolution
		{8D626EA8-CB54-BC41-363A-217881BEBA6E} = {827E0CD3-B72D-47B6-A68D-7590B98EB39B}
		{F990EFA2-D841-4FBA-A195-792D44CA9C92} = {8D626EA8-CB54-BC41-363A-217881BEBA6E}
		{EAC5D3AC-DDAC-4F9E-98C0-3ADD757E0EE7} = {8D626EA8-CB54-BC41-363A-217881BEBA6E}
		{D810736C-F145-4706-BA11-1407C12221DE} = {8D626EA8-CB54-BC41-363A-217881BEBA6E}
		{18BC7502-3DC1-4AD3-D24F-0B8737825753} = {827E0CD3-B72D-47B6-A68D-7590B98EB39B}
		{E5DF4004-E5E8-4264-920B-52C46944149F} = {18BC7502-3DC1-4AD3-D24F-0B8737825753}
	EndGlobalSection
	GlobalSection(ExtensibilityGlobals) = postSolution
		SolutionGuid = {71D675F6-71E8-45BC-8350-2CAA503A2EF6}
	EndGlobalSection
EndGlobal
